<?xml version="1.0" encoding="utf-8"?>
<Project ToolsVersion="4.0" xmlns="http://schemas.microsoft.com/developer/msbuild/2003">
  <ItemGroup>
    <Filter Include="Library">
      <UniqueIdentifier>{d5173dcf-2786-4f98-bd55-d03549637dfe}</UniqueIdentifier>
    </Filter>
    <Filter Include="Src">
      <UniqueIdentifier>{80d0a5a9-6779-4863-bede-cc22a4986dc5}</UniqueIdentifier>
    </Filter>
    <Filter Include="Src\System">
      <UniqueIdentifier>{f5928314-3ee2-4e39-abfa-d93aa9ee5891}</UniqueIdentifier>
    </Filter>
    <Filter Include="Src\System\Direct3D">
      <UniqueIdentifier>{f193abd5-e51c-466e-a937-722bc9175e9a}</UniqueIdentifier>
    </Filter>
    <Filter Include="Src\System\Utility">
      <UniqueIdentifier>{f5d733b1-5031-4659-a9d4-0dd3add1e5fb}</UniqueIdentifier>
    </Filter>
    <Filter Include="Src\System\Window">
      <UniqueIdentifier>{cb022f2a-c5a2-449b-9b70-5110aff8550f}</UniqueIdentifier>
    </Filter>
    <Filter Include="Library\imgui">
      <UniqueIdentifier>{85e2ada7-3d34-4892-b70a-8b9a433f7438}</UniqueIdentifier>
    </Filter>
    <Filter Include="Library\tinygltf">
      <UniqueIdentifier>{307bfbcd-124f-4ad7-85f5-3fd94f814b1f}</UniqueIdentifier>
    </Filter>
    <Filter Include="Src\System\Shader">
      <UniqueIdentifier>{93543c0c-58fe-4a94-8279-7be3021b65b1}</UniqueIdentifier>
    </Filter>
    <Filter Include="Src\System\Shader\EffectShader">
      <UniqueIdentifier>{3ed945a9-befa-4db2-b780-7714e82626ed}</UniqueIdentifier>
    </Filter>
    <Filter Include="Src\System\Shader\SpriteShader">
      <UniqueIdentifier>{2da4d471-f4e8-4b2d-bdef-b93f91523b8b}</UniqueIdentifier>
    </Filter>
    <Filter Include="Src\System\Shader\StandardShader">
      <UniqueIdentifier>{0a93a6dd-bb60-46dc-820f-6aea10b3b02f}</UniqueIdentifier>
    </Filter>
    <Filter Include="Src\Application">
      <UniqueIdentifier>{d0d0f9cf-dabd-4346-bc9a-d9c04cf42372}</UniqueIdentifier>
    </Filter>
    <Filter Include="Src\System\Audio">
      <UniqueIdentifier>{667d1cb1-5ae5-476f-acd5-14b7d294a95a}</UniqueIdentifier>
    </Filter>
    <Filter Include="Src\Application\SceneManager">
      <UniqueIdentifier>{ef857fa6-711d-4124-a6d0-a73cc3ed5d0b}</UniqueIdentifier>
    </Filter>
    <Filter Include="Src\Application\SceneManager\Titel">
      <UniqueIdentifier>{f20d8d02-9334-4c3d-93fe-e080420a0d65}</UniqueIdentifier>
    </Filter>
    <Filter Include="Src\Application\SceneManager\Game">
      <UniqueIdentifier>{2f2298ba-7667-471e-a9c3-b2d82929d702}</UniqueIdentifier>
    </Filter>
    <Filter Include="Src\Application\SceneManager\Result">
      <UniqueIdentifier>{4751e05c-b2a8-4147-abf0-ba79b4c66a09}</UniqueIdentifier>
    </Filter>
    <Filter Include="Src\Application\Character">
      <UniqueIdentifier>{0f565af9-a51e-4c75-b0d0-8eff34192bc7}</UniqueIdentifier>
    </Filter>
    <Filter Include="Src\Application\Character\Player">
      <UniqueIdentifier>{515b9a9d-9710-4d9e-82a6-d5410823e027}</UniqueIdentifier>
    </Filter>
    <Filter Include="Src\Application\Character\Enemy">
      <UniqueIdentifier>{82a38d0c-45fe-44e5-a6ea-041d21212235}</UniqueIdentifier>
    </Filter>
    <Filter Include="Src\Application\Hit">
      <UniqueIdentifier>{92505c4e-9e56-419e-963b-c55b7b5331b7}</UniqueIdentifier>
    </Filter>
    <Filter Include="Src\Application\Character\Enemy\Slime">
      <UniqueIdentifier>{c8b88ea4-34b3-4e89-8e01-60782d73c18f}</UniqueIdentifier>
    </Filter>
    <Filter Include="Src\Application\Character\Enemy\Skeleton">
      <UniqueIdentifier>{9901b9ac-dd5b-4659-9a68-00026da1e27c}</UniqueIdentifier>
    </Filter>
    <Filter Include="Src\Application\Character\Player\HpBer">
      <UniqueIdentifier>{e74685b7-84a5-4306-9f49-e2b77850cd70}</UniqueIdentifier>
    </Filter>
    <Filter Include="Src\Application\SceneManager\Game\PowerUpScreen">
      <UniqueIdentifier>{84c66ce1-4d67-4198-b13e-528a7858fac9}</UniqueIdentifier>
    </Filter>
    <Filter Include="Src\Application\SceneManager\Game\PowerUpScreen\PowerUp3WShot">
      <UniqueIdentifier>{39789b30-9bec-4562-a20f-7279ad7c0897}</UniqueIdentifier>
    </Filter>
    <Filter Include="Src\Application\SceneManager\Game\PowerUpScreen\PowerupRLShot">
      <UniqueIdentifier>{31189936-2375-4ba9-98d9-e7ecc6ede50e}</UniqueIdentifier>
    </Filter>
    <Filter Include="Src\Application\SceneManager\Game\PowerUpScreen\PowerUpBound">
      <UniqueIdentifier>{40309849-fbd5-468a-8ed0-a391b8368dc4}</UniqueIdentifier>
    </Filter>
    <Filter Include="Src\Application\SceneManager\Game\PowerUpScreen\PowerupPeneShot">
      <UniqueIdentifier>{1820fa50-51a4-4b07-ab11-26d667053209}</UniqueIdentifier>
    </Filter>
    <Filter Include="Src\Application\Info">
      <UniqueIdentifier>{6cf745dd-458f-4dbd-a589-0d76bb010fa8}</UniqueIdentifier>
    </Filter>
    <Filter Include="Src\Application\Info\InfoKey">
      <UniqueIdentifier>{e4a7d957-383d-43bb-a573-eee286366681}</UniqueIdentifier>
    </Filter>
    <Filter Include="Src\Application\Character\Bullet">
      <UniqueIdentifier>{4852096a-4a15-42b3-83dc-94b8fc9ba24a}</UniqueIdentifier>
    </Filter>
    <Filter Include="Src\Application\Character\Player\PlayerBullet">
      <UniqueIdentifier>{fbd0ae60-8a76-4978-874a-20838244b1da}</UniqueIdentifier>
    </Filter>
    <Filter Include="Src\Application\Character\Info">
      <UniqueIdentifier>{fdb9a9d2-4223-4823-8a06-5185daef761b}</UniqueIdentifier>
    </Filter>
    <Filter Include="Src\Application\Character\Enemy\Skeleton\SkeletonBullet">
      <UniqueIdentifier>{95370872-68bc-4a60-b7a2-32beb39bcd26}</UniqueIdentifier>
    </Filter>
    <Filter Include="Src\Application\SceneManager\Game\DefAnime">
      <UniqueIdentifier>{9944ae7e-902f-48d1-a6a2-759a5c4499ff}</UniqueIdentifier>
    </Filter>
    <Filter Include="Src\Application\SceneManager\Game\InfoGame">
      <UniqueIdentifier>{7b5d8c5b-2d24-4ed2-9f83-9b4e6978a54f}</UniqueIdentifier>
    </Filter>
    <Filter Include="Src\Application\Info\NumDraw">
      <UniqueIdentifier>{c9f6bcc9-16a3-42d6-ba0e-35fc5a3cec7f}</UniqueIdentifier>
    </Filter>
    <Filter Include="Src\Application\SceneManager\Game\PowerUpScreen\HPHeel">
      <UniqueIdentifier>{62c77e68-8d1c-4e3b-af90-8dd2e7341cc6}</UniqueIdentifier>
    </Filter>
    <Filter Include="Src\Application\SceneManager\Game\PowerUpScreen\ATKUP">
      <UniqueIdentifier>{08eec15c-9db2-4a81-9ce5-cc1b76fee9d8}</UniqueIdentifier>
    </Filter>
    <Filter Include="Src\Application\SceneManager\Game\PowerUpScreen\PlayerHeel">
      <UniqueIdentifier>{c1758229-2135-47eb-b3d6-4512b2893e49}</UniqueIdentifier>
    </Filter>
    <Filter Include="Src\Application\Info\GameResult">
      <UniqueIdentifier>{758c8c6d-ee32-4fd7-adcf-46d5a51ec068}</UniqueIdentifier>
    </Filter>
    <Filter Include="Src\Application\Button">
      <UniqueIdentifier>{be0b7fb1-04d7-47e3-8619-dd287b694bf3}</UniqueIdentifier>
    </Filter>
    <Filter Include="Src\Application\Button\PlayButton">
      <UniqueIdentifier>{960b08c2-d626-40cb-8524-4057b8f6ab04}</UniqueIdentifier>
    </Filter>
    <Filter Include="Src\Application\Button\TitleButton">
      <UniqueIdentifier>{631ba75f-91e8-4011-857e-bea2fc37ba9f}</UniqueIdentifier>
    </Filter>
    <Filter Include="Src\Application\Map">
      <UniqueIdentifier>{7bbcd022-02b6-4505-9ad7-ed743bc5b29e}</UniqueIdentifier>
    </Filter>
    <Filter Include="Src\Application\Map\MapObject">
      <UniqueIdentifier>{8913ea21-aebf-4866-b173-e6cde17bcaaf}</UniqueIdentifier>
    </Filter>
    <Filter Include="Src\Application\Map\MapObject\WarpObject">
      <UniqueIdentifier>{beb4aa56-76f6-4907-8ae8-0515632c8453}</UniqueIdentifier>
    </Filter>
    <Filter Include="Src\Application\Info\HighScore">
      <UniqueIdentifier>{c7fa89de-76bc-45e4-a20f-35ce38e061f6}</UniqueIdentifier>
    </Filter>
    <Filter Include="Src\Application\Button\ScoreButton">
      <UniqueIdentifier>{1b65aed3-9ac6-47cd-9b1e-6a9ded4e2812}</UniqueIdentifier>
    </Filter>
    <Filter Include="Src\Application\SceneManager\Score">
      <UniqueIdentifier>{86fbdefa-a203-499b-933d-103bc9077bf6}</UniqueIdentifier>
    </Filter>
    <Filter Include="Src\Application\Character\Enemy\Orc">
      <UniqueIdentifier>{c44eb107-2ec0-4f48-861e-32323cd355a4}</UniqueIdentifier>
    </Filter>
    <Filter Include="Src\Application\Particle">
      <UniqueIdentifier>{9124bddc-8ad8-4101-9c86-6eeeb39a6850}</UniqueIdentifier>
    </Filter>
    <Filter Include="Src\Application\Particle\Fire">
      <UniqueIdentifier>{de7cd36f-c7d0-4b89-b679-aa10beae04ed}</UniqueIdentifier>
    </Filter>
    <Filter Include="Src\Application\SceneManager\Game\PowerUpScreen\PowerupFireArrow">
      <UniqueIdentifier>{a6f1a12a-3f08-4304-841b-d2a17baba552}</UniqueIdentifier>
    </Filter>
    <Filter Include="Src\Application\Sound">
      <UniqueIdentifier>{3d2d6204-8d7f-4cbc-8aee-c65954e5abaf}</UniqueIdentifier>
    </Filter>
    <Filter Include="Src\Application\Sound\Titel">
      <UniqueIdentifier>{b0ecf8f7-6894-4486-a5a9-9aaa36fb6a3b}</UniqueIdentifier>
    </Filter>
    <Filter Include="Src\Application\Sound\Game">
      <UniqueIdentifier>{5ffca6c4-8541-491d-93c3-522087cebbef}</UniqueIdentifier>
    </Filter>
    <Filter Include="Src\Application\Sound\Button">
      <UniqueIdentifier>{bc0aa9c2-3378-4284-a590-386ec93624f1}</UniqueIdentifier>
    </Filter>
    <Filter Include="Src\Application\Sound\Result">
      <UniqueIdentifier>{ddfc10c1-7724-4bb5-b3bb-05b929f67442}</UniqueIdentifier>
    </Filter>
    <Filter Include="Src\Application\Sound\Result\DrumRoll">
      <UniqueIdentifier>{5390d62c-dba5-4857-badd-8e23ea615526}</UniqueIdentifier>
    </Filter>
    <Filter Include="Src\Application\Sound\Game\Player">
      <UniqueIdentifier>{6430d319-bb1d-486e-be72-98a275926b7e}</UniqueIdentifier>
    </Filter>
    <Filter Include="Src\Application\Sound\Game\Player\Bow">
      <UniqueIdentifier>{44ae7784-e113-4e7f-b68f-2423dd4985e4}</UniqueIdentifier>
    </Filter>
    <Filter Include="Src\Application\Sound\Game\PowerUp">
      <UniqueIdentifier>{171c2beb-66ea-4b41-b24a-c5b7826f5ab8}</UniqueIdentifier>
    </Filter>
    <Filter Include="Src\Application\Sound\Game\DefAnime">
      <UniqueIdentifier>{1022e5eb-820b-4f8e-82a9-e3f65923f774}</UniqueIdentifier>
    </Filter>
    <Filter Include="Src\Application\SceneManager\Game\PowerUpScreen\PowerUPScore">
      <UniqueIdentifier>{ed891205-b2fc-439a-9346-8c9183211018}</UniqueIdentifier>
    </Filter>
    <Filter Include="Src\Application\Sound\Game\Hit">
      <UniqueIdentifier>{31a31ec2-4ca2-4dcb-a438-40d3ee88a08a}</UniqueIdentifier>
    </Filter>
    <Filter Include="Src\Application\Sound\Game\Down">
      <UniqueIdentifier>{eb3925ec-5e0a-46a9-983e-668ed76bb80a}</UniqueIdentifier>
    </Filter>
    <Filter Include="Src\Application\Character\Player\HpHeel">
      <UniqueIdentifier>{791833fb-95c0-41fe-88e5-fdab7ecd8c46}</UniqueIdentifier>
    </Filter>
    <Filter Include="Src\Application\Sound\Game\Player\Heel">
      <UniqueIdentifier>{5bf55560-14dc-4f8c-b06e-96cf17780d9c}</UniqueIdentifier>
    </Filter>
    <Filter Include="Src\Application\Sound\Game\Warp">
      <UniqueIdentifier>{4ff0640b-4dbd-48f1-9bc1-727ce70b59be}</UniqueIdentifier>
    </Filter>
  </ItemGroup>
  <ItemGroup>
    <ClInclude Include="src\Pch.h">
      <Filter>Src</Filter>
    </ClInclude>
    <ClInclude Include="..\Library\imgui\imconfig.h">
      <Filter>Library\imgui</Filter>
    </ClInclude>
    <ClInclude Include="..\Library\imgui\imgui.h">
      <Filter>Library\imgui</Filter>
    </ClInclude>
    <ClInclude Include="..\Library\imgui\imgui_impl_dx11.h">
      <Filter>Library\imgui</Filter>
    </ClInclude>
    <ClInclude Include="..\Library\imgui\imgui_impl_win32.h">
      <Filter>Library\imgui</Filter>
    </ClInclude>
    <ClInclude Include="..\Library\imgui\imgui_internal.h">
      <Filter>Library\imgui</Filter>
    </ClInclude>
    <ClInclude Include="..\Library\imgui\imstb_rectpack.h">
      <Filter>Library\imgui</Filter>
    </ClInclude>
    <ClInclude Include="..\Library\imgui\imstb_textedit.h">
      <Filter>Library\imgui</Filter>
    </ClInclude>
    <ClInclude Include="..\Library\imgui\imstb_truetype.h">
      <Filter>Library\imgui</Filter>
    </ClInclude>
    <ClInclude Include="..\Library\imgui\ja_glyph_ranges.h">
      <Filter>Library\imgui</Filter>
    </ClInclude>
    <ClInclude Include="..\Library\tinygltf\json.hpp">
      <Filter>Library\tinygltf</Filter>
    </ClInclude>
    <ClInclude Include="..\Library\tinygltf\stb_image.h">
      <Filter>Library\tinygltf</Filter>
    </ClInclude>
    <ClInclude Include="..\Library\tinygltf\stb_image_write.h">
      <Filter>Library\tinygltf</Filter>
    </ClInclude>
    <ClInclude Include="..\Library\tinygltf\tiny_gltf.h">
      <Filter>Library\tinygltf</Filter>
    </ClInclude>
    <ClInclude Include="Src\Application\main.h">
      <Filter>Src\Application</Filter>
    </ClInclude>
    <ClInclude Include="src\System\Direct3D\KdDirect3D.h">
      <Filter>Src\System\Direct3D</Filter>
    </ClInclude>
    <ClInclude Include="src\System\Direct3D\KdModel.h">
      <Filter>Src\System\Direct3D</Filter>
    </ClInclude>
    <ClInclude Include="src\System\Direct3D\KdTexture.h">
      <Filter>Src\System\Direct3D</Filter>
    </ClInclude>
    <ClInclude Include="src\System\Direct3D\KdBuffer.h">
      <Filter>Src\System\Direct3D</Filter>
    </ClInclude>
    <ClInclude Include="Src\System\Direct3D\KdDirect3DHelper.h">
      <Filter>Src\System\Direct3D</Filter>
    </ClInclude>
    <ClInclude Include="Src\System\Audio\KdAudio.h">
      <Filter>Src\System\Audio</Filter>
    </ClInclude>
    <ClInclude Include="Src\System\Direct3D\KdGLTFLoader.h">
      <Filter>Src\System\Direct3D</Filter>
    </ClInclude>
    <ClInclude Include="Src\System\Shader\KdShaderManager.h">
      <Filter>Src\System\Shader</Filter>
    </ClInclude>
    <ClInclude Include="Src\System\Shader\EffectShader\KdEffectShader.h">
      <Filter>Src\System\Shader\EffectShader</Filter>
    </ClInclude>
    <ClInclude Include="Src\System\Shader\SpriteShader\KdSpriteShader.h">
      <Filter>Src\System\Shader\SpriteShader</Filter>
    </ClInclude>
    <ClInclude Include="Src\System\Shader\StandardShader\KdStandardShader.h">
      <Filter>Src\System\Shader\StandardShader</Filter>
    </ClInclude>
    <ClInclude Include="src\System\Utility\KdUtility.h">
      <Filter>Src\System\Utility</Filter>
    </ClInclude>
    <ClInclude Include="src\System\Window\KdGameWindow.h">
      <Filter>Src\System\Window</Filter>
    </ClInclude>
    <ClInclude Include="src\System\KdSystem.h">
      <Filter>Src\System</Filter>
    </ClInclude>
    <ClInclude Include="..\Library\strconv.h">
      <Filter>Library</Filter>
    </ClInclude>
    <ClInclude Include="Src\Application\Scene.h">
      <Filter>Src\Application</Filter>
    </ClInclude>
    <ClInclude Include="Src\Application\SceneManager\SceneManager.h">
      <Filter>Src\Application\SceneManager</Filter>
    </ClInclude>
    <ClInclude Include="Src\Application\SceneManager\Title\Title.h">
      <Filter>Src\Application\SceneManager\Titel</Filter>
    </ClInclude>
    <ClInclude Include="Src\Application\SceneManager\SceneBase.h">
      <Filter>Src\Application\SceneManager</Filter>
    </ClInclude>
    <ClInclude Include="Src\Application\SceneManager\Game\Game.h">
      <Filter>Src\Application\SceneManager\Game</Filter>
    </ClInclude>
    <ClInclude Include="Src\Application\SceneManager\Result\result.h">
      <Filter>Src\Application\SceneManager\Result</Filter>
    </ClInclude>
    <ClInclude Include="Src\Application\Character\Player\Player.h">
      <Filter>Src\Application\Character\Player</Filter>
    </ClInclude>
    <ClInclude Include="Src\Application\Character\Enemy\EnemyBase.h">
      <Filter>Src\Application\Character\Enemy</Filter>
    </ClInclude>
    <ClInclude Include="Src\Application\Hit\CharaHit.h">
      <Filter>Src\Application\Hit</Filter>
    </ClInclude>
    <ClInclude Include="Src\Application\Map\MapObject\MapObject.h">
      <Filter>Src\Application\Map\MapObject</Filter>
    </ClInclude>
    <ClInclude Include="Src\Application\Map\Map.h">
      <Filter>Src\Application\Map</Filter>
    </ClInclude>
    <ClInclude Include="Src\Application\Character\Enemy\Slime\Slime.h">
      <Filter>Src\Application\Character\Enemy\Slime</Filter>
    </ClInclude>
    <ClInclude Include="Src\Application\Character\Enemy\Skeleton\Skeleton.h">
      <Filter>Src\Application\Character\Enemy\Skeleton</Filter>
    </ClInclude>
    <ClInclude Include="Src\Application\Character\Player\HpBer\HpBer.h">
      <Filter>Src\Application\Character\Player\HpBer</Filter>
    </ClInclude>
    <ClInclude Include="Src\Application\Map\MapObject\WarpObject\WarpObject.h">
      <Filter>Src\Application\Map\MapObject\WarpObject</Filter>
    </ClInclude>
    <ClInclude Include="Src\Application\SceneManager\Game\PowerUpScreen\PowerUpScreen.h">
      <Filter>Src\Application\SceneManager\Game\PowerUpScreen</Filter>
    </ClInclude>
    <ClInclude Include="Src\Application\SceneManager\Game\PowerUpScreen\PowerUp3WShot\PowerUp3WShot.h">
      <Filter>Src\Application\SceneManager\Game\PowerUpScreen\PowerUp3WShot</Filter>
    </ClInclude>
    <ClInclude Include="Src\Application\SceneManager\Game\PowerUpScreen\PowerUpBase.h">
      <Filter>Src\Application\SceneManager\Game\PowerUpScreen</Filter>
    </ClInclude>
    <ClInclude Include="Src\Application\SceneManager\Game\PowerUpScreen\PowerupRLShot\PowerupRLShot.h">
      <Filter>Src\Application\SceneManager\Game\PowerUpScreen\PowerupRLShot</Filter>
    </ClInclude>
    <ClInclude Include="Src\Application\SceneManager\Game\PowerUpScreen\PowerUpBound\PowerUpBound.h">
      <Filter>Src\Application\SceneManager\Game\PowerUpScreen\PowerUpBound</Filter>
    </ClInclude>
    <ClInclude Include="Src\Application\SceneManager\Game\PowerUpScreen\PowerupPeneShot\PowerupPeneShot.h">
      <Filter>Src\Application\SceneManager\Game\PowerUpScreen\PowerupPeneShot</Filter>
    </ClInclude>
    <ClInclude Include="Src\Application\Info\InfoKey\InfoKey.h">
      <Filter>Src\Application\Info\InfoKey</Filter>
    </ClInclude>
    <ClInclude Include="Src\Application\Character\CharacterBase.h">
      <Filter>Src\Application\Character</Filter>
    </ClInclude>
    <ClInclude Include="Src\Application\Character\Bullet\BulletBace.h">
      <Filter>Src\Application\Character\Bullet</Filter>
    </ClInclude>
    <ClInclude Include="Src\Application\Character\Player\PlayerBullet\PlayerBullet.h">
      <Filter>Src\Application\Character\Player\PlayerBullet</Filter>
    </ClInclude>
    <ClInclude Include="Src\Application\Character\Info\CharacterInfoBace.h">
      <Filter>Src\Application\Character\Info</Filter>
    </ClInclude>
    <ClInclude Include="Src\Application\Character\Enemy\Skeleton\SkeletonBullet\SkeletonBullet.h">
      <Filter>Src\Application\Character\Enemy\Skeleton\SkeletonBullet</Filter>
    </ClInclude>
    <ClInclude Include="Src\Application\SceneManager\Game\DefAnime\DefAnime.h">
      <Filter>Src\Application\SceneManager\Game\DefAnime</Filter>
    </ClInclude>
    <ClInclude Include="Src\Application\SceneManager\Game\InfoGame\InfoGame.h">
      <Filter>Src\Application\SceneManager\Game\InfoGame</Filter>
    </ClInclude>
    <ClInclude Include="Src\Application\Info\NumDraw\NumDraw.h">
      <Filter>Src\Application\Info\NumDraw</Filter>
    </ClInclude>
    <ClInclude Include="Src\Application\SceneManager\Game\PowerUpScreen\HPHeel\HPHeel.h">
      <Filter>Src\Application\SceneManager\Game\PowerUpScreen\HPHeel</Filter>
    </ClInclude>
    <ClInclude Include="Src\Application\SceneManager\Game\PowerUpScreen\ATKUP\ATKUP.h">
      <Filter>Src\Application\SceneManager\Game\PowerUpScreen\ATKUP</Filter>
    </ClInclude>
    <ClInclude Include="Src\Application\SceneManager\Game\PowerUpScreen\PlayerHeel\PlayerHeel.h">
      <Filter>Src\Application\SceneManager\Game\PowerUpScreen\PlayerHeel</Filter>
    </ClInclude>
    <ClInclude Include="Src\Application\Info\GameResult\GameResult.h">
      <Filter>Src\Application\Info\GameResult</Filter>
    </ClInclude>
    <ClInclude Include="Src\Application\Button\ButtonBase.h">
      <Filter>Src\Application\Button</Filter>
    </ClInclude>
    <ClInclude Include="Src\Application\Button\PlayButton\PlayButton.h">
      <Filter>Src\Application\Button\PlayButton</Filter>
    </ClInclude>
    <ClInclude Include="Src\Application\Button\TitleButton\TitleButton.h">
      <Filter>Src\Application\Button\TitleButton</Filter>
    </ClInclude>
    <ClInclude Include="Src\Application\Info\HighScore\HighScore.h">
      <Filter>Src\Application\Info\HighScore</Filter>
    </ClInclude>
    <ClInclude Include="Src\Application\Button\ScoreButton\ScoreButton.h">
      <Filter>Src\Application\Button\ScoreButton</Filter>
    </ClInclude>
    <ClInclude Include="Src\Application\SceneManager\Score\Score.h">
      <Filter>Src\Application\SceneManager\Score</Filter>
    </ClInclude>
    <ClInclude Include="Src\Application\Character\Enemy\Orc\Orc.h">
      <Filter>Src\Application\Character\Enemy\Orc</Filter>
    </ClInclude>
    <ClInclude Include="Src\Application\Particle\ParticleBase.h">
      <Filter>Src\Application\Particle</Filter>
    </ClInclude>
    <ClInclude Include="Src\Application\Particle\Fire\Fire.h">
      <Filter>Src\Application\Particle\Fire</Filter>
    </ClInclude>
    <ClInclude Include="Src\Application\SceneManager\Game\PowerUpScreen\PowerupFireArrow\PowerupFireArrow.h">
      <Filter>Src\Application\SceneManager\Game\PowerUpScreen\PowerupFireArrow</Filter>
    </ClInclude>
    <ClInclude Include="Src\Application\Sound\SoundBase.h">
      <Filter>Src\Application\Sound</Filter>
    </ClInclude>
    <ClInclude Include="Src\Application\Sound\Titel\TitelBGM.h">
      <Filter>Src\Application\Sound\Titel</Filter>
    </ClInclude>
    <ClInclude Include="Src\Application\Sound\Game\GameBGM.h">
      <Filter>Src\Application\Sound\Game</Filter>
    </ClInclude>
    <ClInclude Include="Src\Application\Sound\Button\ButtonSelectionSE.h">
      <Filter>Src\Application\Sound\Button</Filter>
    </ClInclude>
    <ClInclude Include="Src\Application\Sound\Result\DrumRoll\DrumRollSE.h">
      <Filter>Src\Application\Sound\Result\DrumRoll</Filter>
    </ClInclude>
    <ClInclude Include="Src\Application\Sound\Game\Player\Bow\BowSE.h">
      <Filter>Src\Application\Sound\Game\Player\Bow</Filter>
    </ClInclude>
    <ClInclude Include="Src\Application\Sound\Game\Player\Bow\FireSE.h">
      <Filter>Src\Application\Sound\Game\Player\Bow</Filter>
    </ClInclude>
    <ClInclude Include="Src\Application\Sound\Game\PowerUp\PowerUpSE.h">
      <Filter>Src\Application\Sound\Game\PowerUp</Filter>
    </ClInclude>
    <ClInclude Include="Src\Application\Sound\Result\ResultBGM.h">
      <Filter>Src\Application\Sound\Result</Filter>
    </ClInclude>
    <ClInclude Include="Src\Application\Sound\Game\DefAnime\DefAnimeBGM.h">
      <Filter>Src\Application\Sound\Game\DefAnime</Filter>
    </ClInclude>
    <ClInclude Include="Src\Application\SceneManager\Game\PowerUpScreen\PowerUPScore\PowerUPScore.h">
      <Filter>Src\Application\SceneManager\Game\PowerUpScreen\PowerUPScore</Filter>
    </ClInclude>
    <ClInclude Include="Src\Application\Sound\Game\Hit\HitSE.h">
      <Filter>Src\Application\Sound\Game\Hit</Filter>
    </ClInclude>
    <ClInclude Include="Src\Application\Sound\Game\Down\DownSE.h">
      <Filter>Src\Application\Sound\Game\Down</Filter>
    </ClInclude>
    <ClInclude Include="Src\Application\Character\Player\HPHeel\PLayerHpHeel.h">
      <Filter>Src\Application\Character\Player\HpHeel</Filter>
    </ClInclude>
    <ClInclude Include="Src\Application\Sound\Game\Player\Heel\HeelSE.h">
      <Filter>Src\Application\Sound\Game\Player\Heel</Filter>
    </ClInclude>
    <ClInclude Include="Src\Application\Sound\Game\PowerUp\PowerUpWindoSE.h">
      <Filter>Src\Application\Sound\Game\PowerUp</Filter>
    </ClInclude>
    <ClInclude Include="Src\Application\Sound\Game\Hit\PlayerHitSE.h">
      <Filter>Src\Application\Sound\Game\Hit</Filter>
    </ClInclude>
    <ClInclude Include="Src\Application\Sound\Button\ButtonDECSE.h">
      <Filter>Src\Application\Sound\Button</Filter>
    </ClInclude>
    <ClInclude Include="Src\Application\Sound\Game\Warp\WarpSE.h">
      <Filter>Src\Application\Sound\Game\Warp</Filter>
    </ClInclude>
  </ItemGroup>
  <ItemGroup>
    <ClCompile Include="src\Pch.cpp">
      <Filter>Src</Filter>
    </ClCompile>
    <ClCompile Include="..\Library\imgui\imgui.cpp">
      <Filter>Library\imgui</Filter>
    </ClCompile>
    <ClCompile Include="..\Library\imgui\imgui_demo.cpp">
      <Filter>Library\imgui</Filter>
    </ClCompile>
    <ClCompile Include="..\Library\imgui\imgui_draw.cpp">
      <Filter>Library\imgui</Filter>
    </ClCompile>
    <ClCompile Include="..\Library\imgui\imgui_impl_dx11.cpp">
      <Filter>Library\imgui</Filter>
    </ClCompile>
    <ClCompile Include="..\Library\imgui\imgui_impl_win32.cpp">
      <Filter>Library\imgui</Filter>
    </ClCompile>
    <ClCompile Include="..\Library\imgui\imgui_widgets.cpp">
      <Filter>Library\imgui</Filter>
    </ClCompile>
    <ClCompile Include="Src\Application\main.cpp">
      <Filter>Src\Application</Filter>
    </ClCompile>
    <ClCompile Include="src\System\Direct3D\KdDirect3D.cpp">
      <Filter>Src\System\Direct3D</Filter>
    </ClCompile>
    <ClCompile Include="src\System\Direct3D\KdModel.cpp">
      <Filter>Src\System\Direct3D</Filter>
    </ClCompile>
    <ClCompile Include="src\System\Direct3D\KdTexture.cpp">
      <Filter>Src\System\Direct3D</Filter>
    </ClCompile>
    <ClCompile Include="src\System\Direct3D\KdBuffer.cpp">
      <Filter>Src\System\Direct3D</Filter>
    </ClCompile>
    <ClCompile Include="Src\System\Direct3D\KdDirect3DHelper.cpp">
      <Filter>Src\System\Direct3D</Filter>
    </ClCompile>
    <ClCompile Include="Src\System\Audio\KdAudio.cpp">
      <Filter>Src\System\Audio</Filter>
    </ClCompile>
    <ClCompile Include="Src\System\Direct3D\KdGLTFLoader.cpp">
      <Filter>Src\System\Direct3D</Filter>
    </ClCompile>
    <ClCompile Include="Src\System\Shader\KdShaderManager.cpp">
      <Filter>Src\System\Shader</Filter>
    </ClCompile>
    <ClCompile Include="Src\System\Shader\EffectShader\KdEffectShader.cpp">
      <Filter>Src\System\Shader\EffectShader</Filter>
    </ClCompile>
    <ClCompile Include="Src\System\Shader\SpriteShader\KdSpriteShader.cpp">
      <Filter>Src\System\Shader\SpriteShader</Filter>
    </ClCompile>
    <ClCompile Include="Src\System\Shader\StandardShader\KdStandardShader.cpp">
      <Filter>Src\System\Shader\StandardShader</Filter>
    </ClCompile>
    <ClCompile Include="src\System\Window\KdGameWindow.cpp">
      <Filter>Src\System\Window</Filter>
    </ClCompile>
    <ClCompile Include="Src\Application\Scene.cpp">
      <Filter>Src\Application</Filter>
    </ClCompile>
    <ClCompile Include="Src\Application\SceneManager\SceneManager.cpp">
      <Filter>Src\Application\SceneManager</Filter>
    </ClCompile>
    <ClCompile Include="Src\Application\SceneManager\Title\Title.cpp">
      <Filter>Src\Application\SceneManager\Titel</Filter>
    </ClCompile>
    <ClCompile Include="Src\Application\SceneManager\SceneBase.cpp">
      <Filter>Src\Application\SceneManager</Filter>
    </ClCompile>
    <ClCompile Include="Src\Application\SceneManager\Game\Game.cpp">
      <Filter>Src\Application\SceneManager\Game</Filter>
    </ClCompile>
    <ClCompile Include="Src\Application\SceneManager\Result\result.cpp">
      <Filter>Src\Application\SceneManager\Result</Filter>
    </ClCompile>
    <ClCompile Include="Src\Application\Character\CharacterBase.cpp">
      <Filter>Src\Application\Character</Filter>
    </ClCompile>
    <ClCompile Include="Src\Application\Character\Player\Player.cpp">
      <Filter>Src\Application\Character\Player</Filter>
    </ClCompile>
    <ClCompile Include="Src\Application\Character\Enemy\EnemyBase.cpp">
      <Filter>Src\Application\Character\Enemy</Filter>
    </ClCompile>
    <ClCompile Include="Src\Application\Hit\CharaHit.cpp">
      <Filter>Src\Application\Hit</Filter>
    </ClCompile>
    <ClCompile Include="Src\Application\Map\MapObject\MapObject.cpp">
      <Filter>Src\Application\Map\MapObject</Filter>
    </ClCompile>
    <ClCompile Include="Src\Application\Map\Map.cpp">
      <Filter>Src\Application\Map</Filter>
    </ClCompile>
    <ClCompile Include="Src\Application\Character\Enemy\Slime\Slime.cpp">
      <Filter>Src\Application\Character\Enemy\Slime</Filter>
    </ClCompile>
    <ClCompile Include="Src\Application\Character\Enemy\Skeleton\Skeleton.cpp">
      <Filter>Src\Application\Character\Enemy\Skeleton</Filter>
    </ClCompile>
    <ClCompile Include="Src\Application\Character\Player\HpBer\HpBer.cpp">
      <Filter>Src\Application\Character\Player\HpBer</Filter>
    </ClCompile>
    <ClCompile Include="Src\Application\Map\MapObject\WarpObject\WarpObject.cpp">
      <Filter>Src\Application\Map\MapObject\WarpObject</Filter>
    </ClCompile>
    <ClCompile Include="Src\Application\SceneManager\Game\PowerUpScreen\PowerUpScreen.cpp">
      <Filter>Src\Application\SceneManager\Game\PowerUpScreen</Filter>
    </ClCompile>
    <ClCompile Include="Src\Application\SceneManager\Game\PowerUpScreen\PowerUp3WShot\PowerUp3WShot.cpp">
      <Filter>Src\Application\SceneManager\Game\PowerUpScreen\PowerUp3WShot</Filter>
    </ClCompile>
    <ClCompile Include="Src\Application\SceneManager\Game\PowerUpScreen\PowerUpBase.cpp">
      <Filter>Src\Application\SceneManager\Game\PowerUpScreen</Filter>
    </ClCompile>
    <ClCompile Include="Src\Application\SceneManager\Game\PowerUpScreen\PowerupRLShot\PowerupRLShot.cpp">
      <Filter>Src\Application\SceneManager\Game\PowerUpScreen\PowerupRLShot</Filter>
    </ClCompile>
    <ClCompile Include="Src\Application\SceneManager\Game\PowerUpScreen\PowerUpBound\PowerUpBound.cpp">
      <Filter>Src\Application\SceneManager\Game\PowerUpScreen\PowerUpBound</Filter>
    </ClCompile>
    <ClCompile Include="Src\Application\SceneManager\Game\PowerUpScreen\PowerupPeneShot\PowerupPeneShot.cpp">
      <Filter>Src\Application\SceneManager\Game\PowerUpScreen\PowerupPeneShot</Filter>
    </ClCompile>
    <ClCompile Include="Src\Application\Info\InfoKey\InfoKey.cpp">
      <Filter>Src\Application\Info\InfoKey</Filter>
    </ClCompile>
    <ClCompile Include="Src\Application\Character\Bullet\BulletBace.cpp">
      <Filter>Src\Application\Character\Bullet</Filter>
    </ClCompile>
    <ClCompile Include="Src\Application\Character\Player\PlayerBullet\PlayerBullet.cpp">
      <Filter>Src\Application\Character\Player\PlayerBullet</Filter>
    </ClCompile>
    <ClCompile Include="Src\Application\Character\Enemy\Skeleton\SkeletonBullet\SkeletonBullet.cpp">
      <Filter>Src\Application\Character\Enemy\Skeleton\SkeletonBullet</Filter>
    </ClCompile>
    <ClCompile Include="Src\Application\SceneManager\Game\DefAnime\DefAnime.cpp">
      <Filter>Src\Application\SceneManager\Game\DefAnime</Filter>
    </ClCompile>
    <ClCompile Include="Src\Application\SceneManager\Game\InfoGame\InfoGame.cpp">
      <Filter>Src\Application\SceneManager\Game\InfoGame</Filter>
    </ClCompile>
    <ClCompile Include="Src\Application\Info\NumDraw\NumDraw.cpp">
      <Filter>Src\Application\Info\NumDraw</Filter>
    </ClCompile>
    <ClCompile Include="Src\Application\SceneManager\Game\PowerUpScreen\HPHeel\HPHeel.cpp">
      <Filter>Src\Application\SceneManager\Game\PowerUpScreen\HPHeel</Filter>
    </ClCompile>
    <ClCompile Include="Src\Application\SceneManager\Game\PowerUpScreen\ATKUP\ATKUP.cpp">
      <Filter>Src\Application\SceneManager\Game\PowerUpScreen\ATKUP</Filter>
    </ClCompile>
    <ClCompile Include="Src\Application\SceneManager\Game\PowerUpScreen\PlayerHeel\PlayerHeel.cpp">
      <Filter>Src\Application\SceneManager\Game\PowerUpScreen\PlayerHeel</Filter>
    </ClCompile>
    <ClCompile Include="Src\Application\Info\GameResult\GameResult.cpp">
      <Filter>Src\Application\Info\GameResult</Filter>
    </ClCompile>
    <ClCompile Include="Src\Application\Button\ButtonBase.cpp">
      <Filter>Src\Application\Button</Filter>
    </ClCompile>
    <ClCompile Include="Src\Application\Button\PlayButton\PlayButton.cpp">
      <Filter>Src\Application\Button\PlayButton</Filter>
    </ClCompile>
    <ClCompile Include="Src\Application\Button\TitleButton\TitleButton.cpp">
      <Filter>Src\Application\Button\TitleButton</Filter>
    </ClCompile>
    <ClCompile Include="Src\Application\Info\HighScore\HighScore.cpp">
      <Filter>Src\Application\Info\HighScore</Filter>
    </ClCompile>
    <ClCompile Include="Src\Application\Button\ScoreButton\ScoreButton.cpp">
      <Filter>Src\Application\Button\ScoreButton</Filter>
    </ClCompile>
    <ClCompile Include="Src\Application\SceneManager\Score\Score.cpp">
      <Filter>Src\Application\SceneManager\Score</Filter>
    </ClCompile>
    <ClCompile Include="Src\Application\Character\Enemy\Orc\Orc.cpp">
      <Filter>Src\Application\Character\Enemy\Orc</Filter>
    </ClCompile>
    <ClCompile Include="Src\Application\Particle\ParticleBase.cpp">
      <Filter>Src\Application\Particle</Filter>
    </ClCompile>
    <ClCompile Include="Src\Application\Particle\Fire\Fire.cpp">
      <Filter>Src\Application\Particle\Fire</Filter>
    </ClCompile>
    <ClCompile Include="Src\Application\SceneManager\Game\PowerUpScreen\PowerupFireArrow\PowerupFireArrow.cpp">
      <Filter>Src\Application\SceneManager\Game\PowerUpScreen\PowerupFireArrow</Filter>
    </ClCompile>
    <ClCompile Include="Src\Application\Sound\SoundBase.cpp">
      <Filter>Src\Application\Sound</Filter>
    </ClCompile>
    <ClCompile Include="Src\Application\Sound\Titel\TitelBGM.cpp">
      <Filter>Src\Application\Sound\Titel</Filter>
    </ClCompile>
    <ClCompile Include="Src\Application\Sound\Game\GameBGM.cpp">
      <Filter>Src\Application\Sound\Game</Filter>
    </ClCompile>
    <ClCompile Include="Src\Application\Sound\Button\ButtonSelectionSE.cpp">
      <Filter>Src\Application\Sound\Button</Filter>
    </ClCompile>
    <ClCompile Include="Src\Application\Sound\Result\DrumRoll\DrumRollSE.cpp">
      <Filter>Src\Application\Sound\Result\DrumRoll</Filter>
    </ClCompile>
    <ClCompile Include="Src\Application\Sound\Game\Player\Bow\BowSE.cpp">
      <Filter>Src\Application\Sound\Game\Player\Bow</Filter>
    </ClCompile>
    <ClCompile Include="Src\Application\Sound\Game\Player\Bow\FireSE.cpp">
      <Filter>Src\Application\Sound\Game\Player\Bow</Filter>
    </ClCompile>
    <ClCompile Include="Src\Application\Sound\Game\PowerUp\PowerUpSE.cpp">
      <Filter>Src\Application\Sound\Game\PowerUp</Filter>
    </ClCompile>
    <ClCompile Include="Src\Application\Sound\Result\ResultBGM.cpp">
      <Filter>Src\Application\Sound\Result</Filter>
    </ClCompile>
    <ClCompile Include="Src\Application\Sound\Game\DefAnime\DefAnimeBGM.cpp">
      <Filter>Src\Application\Sound\Game\DefAnime</Filter>
    </ClCompile>
    <ClCompile Include="Src\Application\SceneManager\Game\PowerUpScreen\PowerUPScore\PowerUPScore.cpp">
      <Filter>Src\Application\SceneManager\Game\PowerUpScreen\PowerUPScore</Filter>
    </ClCompile>
    <ClCompile Include="Src\Application\Sound\Game\Hit\HitSE.cpp">
      <Filter>Src\Application\Sound\Game\Hit</Filter>
    </ClCompile>
    <ClCompile Include="Src\Application\Sound\Game\Down\DownSE.cpp">
      <Filter>Src\Application\Sound\Game\Down</Filter>
    </ClCompile>
    <ClCompile Include="Src\Application\Character\Player\HPHeel\PLayerHpHeel.cpp">
      <Filter>Src\Application\Character\Player\HpHeel</Filter>
    </ClCompile>
    <ClCompile Include="Src\Application\Sound\Game\Player\Heel\HeelSE.cpp">
      <Filter>Src\Application\Sound\Game\Player\Heel</Filter>
    </ClCompile>
    <ClCompile Include="Src\Application\Sound\Game\PowerUp\PowerUpWindoSE.cpp">
      <Filter>Src\Application\Sound\Game\PowerUp</Filter>
    </ClCompile>
    <ClCompile Include="Src\Application\Sound\Game\Hit\PlayerHitSE.cpp">
      <Filter>Src\Application\Sound\Game\Hit</Filter>
    </ClCompile>
    <ClCompile Include="Src\Application\Sound\Button\ButtonDECSE.cpp">
      <Filter>Src\Application\Sound\Button</Filter>
    </ClCompile>
    <ClCompile Include="Src\Application\Sound\Game\Warp\WarpSE.cpp">
      <Filter>Src\Application\Sound\Game\Warp</Filter>
    </ClCompile>
  </ItemGroup>
  <ItemGroup>
    <Text Include="説明.txt" />
  </ItemGroup>
  <ItemGroup>
    <None Include="Src\System\Shader\EffectShader\inc_KdEffectShader.hlsli">
      <Filter>Src\System\Shader\EffectShader</Filter>
    </None>
    <None Include="Src\System\Shader\inc_KdCommon.hlsli">
      <Filter>Src\System\Shader</Filter>
    </None>
    <None Include="Src\System\Shader\SpriteShader\inc_KdSpriteShader.hlsli">
      <Filter>Src\System\Shader\SpriteShader</Filter>
    </None>
    <None Include="Src\System\Shader\StandardShader\inc_KdStandardShader.hlsli">
      <Filter>Src\System\Shader\StandardShader</Filter>
    </None>
  </ItemGroup>
  <ItemGroup>
    <FxCompile Include="Src\System\Shader\EffectShader\KdEffectShader_PS.hlsl">
      <Filter>Src\System\Shader\EffectShader</Filter>
    </FxCompile>
    <FxCompile Include="Src\System\Shader\EffectShader\KdEffectShader_VS.hlsl">
      <Filter>Src\System\Shader\EffectShader</Filter>
    </FxCompile>
    <FxCompile Include="Src\System\Shader\SpriteShader\KdSpriteShader_PS.hlsl">
      <Filter>Src\System\Shader\SpriteShader</Filter>
    </FxCompile>
    <FxCompile Include="Src\System\Shader\SpriteShader\KdSpriteShader_VS.hlsl">
      <Filter>Src\System\Shader\SpriteShader</Filter>
    </FxCompile>
    <FxCompile Include="Src\System\Shader\StandardShader\KdStandardShader_PS.hlsl">
      <Filter>Src\System\Shader\StandardShader</Filter>
    </FxCompile>
    <FxCompile Include="Src\System\Shader\StandardShader\KdStandardShader_VS.hlsl">
      <Filter>Src\System\Shader\StandardShader</Filter>
    </FxCompile>
  </ItemGroup>
</Project>